
Microsoft Visual Studio Solution File, Format Version 12.00
Project("{F2A71F9B-5D33-465A-A702-920D77279786}") = "ProjectZero", "src\ProjectZero\ProjectZero.fsproj", "{271ABE96-BABD-4FE7-83FE-C9AFC19B1946}"
EndProject
Project("{2150E333-8FDC-42A3-9474-1A3956D46DE8}") = "src", "src", "{6A5FC727-D3A4-45E9-8BDC-F5A4DD964AE1}"
EndProject
Project("{F2A71F9B-5D33-465A-A702-920D77279786}") = "ProjectZero.Tests", "tests\ProjectZero.Tests\ProjectZero.Tests.fsproj", "{BDA339A5-EC6F-4007-947B-9795B6923D00}"
EndProject
Project("{2150E333-8FDC-42A3-9474-1A3956D46DE8}") = "tests", "tests", "{915201BD-8539-445F-A69C-C32459E3F995}"
EndProject
Project("{F2A71F9B-5D33-465A-A702-920D77279786}") = "KataTests", "tests\KataTests\KataTests.fsproj", "{03FE7825-32DA-4DE9-8912-2C664BF32C7F}"
EndProject
Project("{F2A71F9B-5D33-465A-A702-920D77279786}") = "Kata", "src\Kata\Kata.fsproj", "{DDBE66C0-660C-4B82-A433-0ED240A2ECA1}"
EndProject
Project("{F2A71F9B-5D33-465A-A702-920D77279786}") = "WebApi", "src\WebApi\WebApi.fsproj", "{4653FDC8-FE27-4828-BB94-2BD80A1A5CFC}"
EndProject
Project("{F2A71F9B-5D33-465A-A702-920D77279786}") = "App", "src\App\App.fsproj", "{08FB1463-3D11-4592-A0DA-A684D9376BDE}"
EndProject
Project("{F2A71F9B-5D33-465A-A702-920D77279786}") = "App.Tests", "tests\App.Tests\App.Tests.fsproj", "{E9F75D18-016A-48FD-AA6F-9B2C078ED96F}"
EndProject
Global
	GlobalSection(SolutionConfigurationPlatforms) = preSolution
		Debug|Any CPU = Debug|Any CPU
		Release|Any CPU = Release|Any CPU
	EndGlobalSection
	GlobalSection(ProjectConfigurationPlatforms) = postSolution
		{271ABE96-BABD-4FE7-83FE-C9AFC19B1946}.Debug|Any CPU.ActiveCfg = Debug|Any CPU
		{271ABE96-BABD-4FE7-83FE-C9AFC19B1946}.Debug|Any CPU.Build.0 = Debug|Any CPU
		{271ABE96-BABD-4FE7-83FE-C9AFC19B1946}.Release|Any CPU.ActiveCfg = Release|Any CPU
		{271ABE96-BABD-4FE7-83FE-C9AFC19B1946}.Release|Any CPU.Build.0 = Release|Any CPU
		{BDA339A5-EC6F-4007-947B-9795B6923D00}.Debug|Any CPU.ActiveCfg = Debug|Any CPU
		{BDA339A5-EC6F-4007-947B-9795B6923D00}.Debug|Any CPU.Build.0 = Debug|Any CPU
		{BDA339A5-EC6F-4007-947B-9795B6923D00}.Release|Any CPU.ActiveCfg = Release|Any CPU
		{BDA339A5-EC6F-4007-947B-9795B6923D00}.Release|Any CPU.Build.0 = Release|Any CPU
		{03FE7825-32DA-4DE9-8912-2C664BF32C7F}.Debug|Any CPU.ActiveCfg = Debug|Any CPU
		{03FE7825-32DA-4DE9-8912-2C664BF32C7F}.Debug|Any CPU.Build.0 = Debug|Any CPU
		{03FE7825-32DA-4DE9-8912-2C664BF32C7F}.Release|Any CPU.ActiveCfg = Release|Any CPU
		{03FE7825-32DA-4DE9-8912-2C664BF32C7F}.Release|Any CPU.Build.0 = Release|Any CPU
		{DDBE66C0-660C-4B82-A433-0ED240A2ECA1}.Debug|Any CPU.ActiveCfg = Debug|Any CPU
		{DDBE66C0-660C-4B82-A433-0ED240A2ECA1}.Debug|Any CPU.Build.0 = Debug|Any CPU
		{DDBE66C0-660C-4B82-A433-0ED240A2ECA1}.Release|Any CPU.ActiveCfg = Release|Any CPU
		{DDBE66C0-660C-4B82-A433-0ED240A2ECA1}.Release|Any CPU.Build.0 = Release|Any CPU
		{4653FDC8-FE27-4828-BB94-2BD80A1A5CFC}.Debug|Any CPU.ActiveCfg = Debug|Any CPU
		{4653FDC8-FE27-4828-BB94-2BD80A1A5CFC}.Debug|Any CPU.Build.0 = Debug|Any CPU
		{4653FDC8-FE27-4828-BB94-2BD80A1A5CFC}.Release|Any CPU.ActiveCfg = Release|Any CPU
		{4653FDC8-FE27-4828-BB94-2BD80A1A5CFC}.Release|Any CPU.Build.0 = Release|Any CPU
		{08FB1463-3D11-4592-A0DA-A684D9376BDE}.Debug|Any CPU.ActiveCfg = Debug|Any CPU
		{08FB1463-3D11-4592-A0DA-A684D9376BDE}.Debug|Any CPU.Build.0 = Debug|Any CPU
		{08FB1463-3D11-4592-A0DA-A684D9376BDE}.Release|Any CPU.ActiveCfg = Release|Any CPU
		{08FB1463-3D11-4592-A0DA-A684D9376BDE}.Release|Any CPU.Build.0 = Release|Any CPU
		{E9F75D18-016A-48FD-AA6F-9B2C078ED96F}.Debug|Any CPU.ActiveCfg = Debug|Any CPU
		{E9F75D18-016A-48FD-AA6F-9B2C078ED96F}.Debug|Any CPU.Build.0 = Debug|Any CPU
		{E9F75D18-016A-48FD-AA6F-9B2C078ED96F}.Release|Any CPU.ActiveCfg = Release|Any CPU
		{E9F75D18-016A-48FD-AA6F-9B2C078ED96F}.Release|Any CPU.Build.0 = Release|Any CPU
	EndGlobalSection
	GlobalSection(NestedProjects) = preSolution
		{271ABE96-BABD-4FE7-83FE-C9AFC19B1946} = {6A5FC727-D3A4-45E9-8BDC-F5A4DD964AE1}
		{BDA339A5-EC6F-4007-947B-9795B6923D00} = {915201BD-8539-445F-A69C-C32459E3F995}
		{03FE7825-32DA-4DE9-8912-2C664BF32C7F} = {915201BD-8539-445F-A69C-C32459E3F995}
		{DDBE66C0-660C-4B82-A433-0ED240A2ECA1} = {6A5FC727-D3A4-45E9-8BDC-F5A4DD964AE1}
		{4653FDC8-FE27-4828-BB94-2BD80A1A5CFC} = {6A5FC727-D3A4-45E9-8BDC-F5A4DD964AE1}
		{08FB1463-3D11-4592-A0DA-A684D9376BDE} = {6A5FC727-D3A4-45E9-8BDC-F5A4DD964AE1}
		{E9F75D18-016A-48FD-AA6F-9B2C078ED96F} = {915201BD-8539-445F-A69C-C32459E3F995}
	EndGlobalSection
EndGlobal
